
Microsoft Visual Studio Solution File, Format Version 12.00
# Visual Studio Version 17
VisualStudioVersion = 17.4.33110.190
MinimumVisualStudioVersion = 10.0.40219.1
Project("{FAE04EC0-301F-11D3-BF4B-00C04F79EFBC}") = "GuessGame", "GuessGame\GuessGame.csproj", "{518BE830-6A89-4838-BB04-C166C834A8E4}"
EndProject
Global
	GlobalSection(SolutionConfigurationPlatforms) = preSolution
		Debug|Any CPU = Debug|Any CPU
		Release|Any CPU = Release|Any CPU
	EndGlobalSection
	GlobalSection(ProjectConfigurationPlatforms) = postSolution
		{518BE830-6A89-4838-BB04-C166C834A8E4}.Debug|Any CPU.ActiveCfg = Debug|Any CPU
		{518BE830-6A89-4838-BB04-C166C834A8E4}.Debug|Any CPU.Build.0 = Debug|Any CPU
		{518BE830-6A89-4838-BB04-C166C834A8E4}.Release|Any CPU.ActiveCfg = Release|Any CPU
		{518BE830-6A89-4838-BB04-C166C834A8E4}.Release|Any CPU.Build.0 = Release|Any CPU
	EndGlobalSection
	GlobalSection(SolutionProperties) = preSolution
		HideSolutionNode = FALSE
	EndGlobalSection
	GlobalSection(ExtensibilityGlobals) = postSolution
		SolutionGuid = {D89B44D7-F9CD-442D-BEF7-E1EF231EE5E4}
	EndGlobalSection
EndGlobal
