
Microsoft Visual Studio Solution File, Format Version 12.00
# Visual Studio Version 17
VisualStudioVersion = 17.4.33110.190
MinimumVisualStudioVersion = 10.0.40219.1
Project("{FAE04EC0-301F-11D3-BF4B-00C04F79EFBC}") = "Boodschappen", "Boodschappen\Boodschappen.csproj", "{B8F5F7B3-166F-483D-B908-228DFE7E282B}"
EndProject
Global
	GlobalSection(SolutionConfigurationPlatforms) = preSolution
		Debug|Any CPU = Debug|Any CPU
		Release|Any CPU = Release|Any CPU
	EndGlobalSection
	GlobalSection(ProjectConfigurationPlatforms) = postSolution
		{B8F5F7B3-166F-483D-B908-228DFE7E282B}.Debug|Any CPU.ActiveCfg = Debug|Any CPU
		{B8F5F7B3-166F-483D-B908-228DFE7E282B}.Debug|Any CPU.Build.0 = Debug|Any CPU
		{B8F5F7B3-166F-483D-B908-228DFE7E282B}.Release|Any CPU.ActiveCfg = Release|Any CPU
		{B8F5F7B3-166F-483D-B908-228DFE7E282B}.Release|Any CPU.Build.0 = Release|Any CPU
	EndGlobalSection
	GlobalSection(SolutionProperties) = preSolution
		HideSolutionNode = FALSE
	EndGlobalSection
	GlobalSection(ExtensibilityGlobals) = postSolution
		SolutionGuid = {0C965FAE-2C37-418F-AF94-D90617A34CF1}
	EndGlobalSection
EndGlobal
