
Microsoft Visual Studio Solution File, Format Version 12.00
# Visual Studio Version 17
VisualStudioVersion = 17.4.33110.190
MinimumVisualStudioVersion = 10.0.40219.1
Project("{FAE04EC0-301F-11D3-BF4B-00C04F79EFBC}") = "HelloWorld", "HelloWorld\HelloWorld.csproj", "{4D6F8356-701E-43A4-A2B1-C59BADA3BBF2}"
EndProject
Global
	GlobalSection(SolutionConfigurationPlatforms) = preSolution
		Debug|Any CPU = Debug|Any CPU
		Release|Any CPU = Release|Any CPU
	EndGlobalSection
	GlobalSection(ProjectConfigurationPlatforms) = postSolution
		{4D6F8356-701E-43A4-A2B1-C59BADA3BBF2}.Debug|Any CPU.ActiveCfg = Debug|Any CPU
		{4D6F8356-701E-43A4-A2B1-C59BADA3BBF2}.Debug|Any CPU.Build.0 = Debug|Any CPU
		{4D6F8356-701E-43A4-A2B1-C59BADA3BBF2}.Release|Any CPU.ActiveCfg = Release|Any CPU
		{4D6F8356-701E-43A4-A2B1-C59BADA3BBF2}.Release|Any CPU.Build.0 = Release|Any CPU
	EndGlobalSection
	GlobalSection(SolutionProperties) = preSolution
		HideSolutionNode = FALSE
	EndGlobalSection
	GlobalSection(ExtensibilityGlobals) = postSolution
		SolutionGuid = {8BC2380A-9DD1-43A1-A5C6-11AD68388154}
	EndGlobalSection
EndGlobal
